
Microsoft Visual Studio Solution File, Format Version 12.00
# Visual Studio Version 16
VisualStudioVersion = 16.0.31025.194
MinimumVisualStudioVersion = 10.0.40219.1
Project("{9A19103F-16F7-4668-BE54-9A1E7A4F7556}") = "myBooks.API", "myBooks.API\myBooks.API.csproj", "{99758693-3644-41A4-98E3-72F976423316}"
EndProject
Project("{9A19103F-16F7-4668-BE54-9A1E7A4F7556}") = "myBooks.Model", "myBooks.Model\myBooks.Model.csproj", "{CC1C0904-394C-4DFC-914C-802DFB43DA4B}"
EndProject
Project("{2150E333-8FDC-42A3-9474-1A3956D46DE8}") = "Mobile", "Mobile", "{C3F904EF-120C-4F07-ADC4-4E62B9C6B1E7}"
EndProject
Project("{FAE04EC0-301F-11D3-BF4B-00C04F79EFBC}") = "myBooks.Desktop", "myBooks.Desktop\myBooks.Desktop.csproj", "{03588C54-7355-437B-A0C3-AAD7566A9C76}"
EndProject
Project("{FAE04EC0-301F-11D3-BF4B-00C04F79EFBC}") = "myBooks.Mobile.UWP", "myBooks.Mobile\myBooks.Mobile.UWP\myBooks.Mobile.UWP.csproj", "{63E60C7D-7AC3-4E50-B877-49F5ABA98D11}"
EndProject
Project("{FAE04EC0-301F-11D3-BF4B-00C04F79EFBC}") = "myBooks.Mobile.Android", "myBooks.Mobile\myBooks.Mobile.Android\myBooks.Mobile.Android.csproj", "{07E46E90-D043-490A-97EF-3941C0272834}"
EndProject
Project("{FAE04EC0-301F-11D3-BF4B-00C04F79EFBC}") = "myBooks.Mobile.iOS", "myBooks.Mobile\myBooks.Mobile.iOS\myBooks.Mobile.iOS.csproj", "{219771B7-C993-435C-8B40-84DA1A07C58E}"
EndProject
Project("{FAE04EC0-301F-11D3-BF4B-00C04F79EFBC}") = "myBooks.Mobile", "myBooks.Mobile\myBooks.Mobile\myBooks.Mobile.csproj", "{0AB425B0-2671-48E4-9C2E-614FDBBEBCD3}"
EndProject
Global
	GlobalSection(SolutionConfigurationPlatforms) = preSolution
		Debug|Any CPU = Debug|Any CPU
		Debug|ARM = Debug|ARM
		Debug|iPhone = Debug|iPhone
		Debug|iPhoneSimulator = Debug|iPhoneSimulator
		Debug|x64 = Debug|x64
		Debug|x86 = Debug|x86
		Release|Any CPU = Release|Any CPU
		Release|ARM = Release|ARM
		Release|iPhone = Release|iPhone
		Release|iPhoneSimulator = Release|iPhoneSimulator
		Release|x64 = Release|x64
		Release|x86 = Release|x86
	EndGlobalSection
	GlobalSection(ProjectConfigurationPlatforms) = postSolution
		{99758693-3644-41A4-98E3-72F976423316}.Debug|Any CPU.ActiveCfg = Debug|Any CPU
		{99758693-3644-41A4-98E3-72F976423316}.Debug|Any CPU.Build.0 = Debug|Any CPU
		{99758693-3644-41A4-98E3-72F976423316}.Debug|ARM.ActiveCfg = Debug|Any CPU
		{99758693-3644-41A4-98E3-72F976423316}.Debug|ARM.Build.0 = Debug|Any CPU
		{99758693-3644-41A4-98E3-72F976423316}.Debug|iPhone.ActiveCfg = Debug|Any CPU
		{99758693-3644-41A4-98E3-72F976423316}.Debug|iPhone.Build.0 = Debug|Any CPU
		{99758693-3644-41A4-98E3-72F976423316}.Debug|iPhoneSimulator.ActiveCfg = Debug|Any CPU
		{99758693-3644-41A4-98E3-72F976423316}.Debug|iPhoneSimulator.Build.0 = Debug|Any CPU
		{99758693-3644-41A4-98E3-72F976423316}.Debug|x64.ActiveCfg = Debug|Any CPU
		{99758693-3644-41A4-98E3-72F976423316}.Debug|x64.Build.0 = Debug|Any CPU
		{99758693-3644-41A4-98E3-72F976423316}.Debug|x86.ActiveCfg = Debug|Any CPU
		{99758693-3644-41A4-98E3-72F976423316}.Debug|x86.Build.0 = Debug|Any CPU
		{99758693-3644-41A4-98E3-72F976423316}.Release|Any CPU.ActiveCfg = Release|Any CPU
		{99758693-3644-41A4-98E3-72F976423316}.Release|Any CPU.Build.0 = Release|Any CPU
		{99758693-3644-41A4-98E3-72F976423316}.Release|ARM.ActiveCfg = Release|Any CPU
		{99758693-3644-41A4-98E3-72F976423316}.Release|ARM.Build.0 = Release|Any CPU
		{99758693-3644-41A4-98E3-72F976423316}.Release|iPhone.ActiveCfg = Release|Any CPU
		{99758693-3644-41A4-98E3-72F976423316}.Release|iPhone.Build.0 = Release|Any CPU
		{99758693-3644-41A4-98E3-72F976423316}.Release|iPhoneSimulator.ActiveCfg = Release|Any CPU
		{99758693-3644-41A4-98E3-72F976423316}.Release|iPhoneSimulator.Build.0 = Release|Any CPU
		{99758693-3644-41A4-98E3-72F976423316}.Release|x64.ActiveCfg = Release|Any CPU
		{99758693-3644-41A4-98E3-72F976423316}.Release|x64.Build.0 = Release|Any CPU
		{99758693-3644-41A4-98E3-72F976423316}.Release|x86.ActiveCfg = Release|Any CPU
		{99758693-3644-41A4-98E3-72F976423316}.Release|x86.Build.0 = Release|Any CPU
		{CC1C0904-394C-4DFC-914C-802DFB43DA4B}.Debug|Any CPU.ActiveCfg = Debug|Any CPU
		{CC1C0904-394C-4DFC-914C-802DFB43DA4B}.Debug|Any CPU.Build.0 = Debug|Any CPU
		{CC1C0904-394C-4DFC-914C-802DFB43DA4B}.Debug|ARM.ActiveCfg = Debug|Any CPU
		{CC1C0904-394C-4DFC-914C-802DFB43DA4B}.Debug|ARM.Build.0 = Debug|Any CPU
		{CC1C0904-394C-4DFC-914C-802DFB43DA4B}.Debug|iPhone.ActiveCfg = Debug|Any CPU
		{CC1C0904-394C-4DFC-914C-802DFB43DA4B}.Debug|iPhone.Build.0 = Debug|Any CPU
		{CC1C0904-394C-4DFC-914C-802DFB43DA4B}.Debug|iPhoneSimulator.ActiveCfg = Debug|Any CPU
		{CC1C0904-394C-4DFC-914C-802DFB43DA4B}.Debug|iPhoneSimulator.Build.0 = Debug|Any CPU
		{CC1C0904-394C-4DFC-914C-802DFB43DA4B}.Debug|x64.ActiveCfg = Debug|Any CPU
		{CC1C0904-394C-4DFC-914C-802DFB43DA4B}.Debug|x64.Build.0 = Debug|Any CPU
		{CC1C0904-394C-4DFC-914C-802DFB43DA4B}.Debug|x86.ActiveCfg = Debug|Any CPU
		{CC1C0904-394C-4DFC-914C-802DFB43DA4B}.Debug|x86.Build.0 = Debug|Any CPU
		{CC1C0904-394C-4DFC-914C-802DFB43DA4B}.Release|Any CPU.ActiveCfg = Release|Any CPU
		{CC1C0904-394C-4DFC-914C-802DFB43DA4B}.Release|Any CPU.Build.0 = Release|Any CPU
		{CC1C0904-394C-4DFC-914C-802DFB43DA4B}.Release|ARM.ActiveCfg = Release|Any CPU
		{CC1C0904-394C-4DFC-914C-802DFB43DA4B}.Release|ARM.Build.0 = Release|Any CPU
		{CC1C0904-394C-4DFC-914C-802DFB43DA4B}.Release|iPhone.ActiveCfg = Release|Any CPU
		{CC1C0904-394C-4DFC-914C-802DFB43DA4B}.Release|iPhone.Build.0 = Release|Any CPU
		{CC1C0904-394C-4DFC-914C-802DFB43DA4B}.Release|iPhoneSimulator.ActiveCfg = Release|Any CPU
		{CC1C0904-394C-4DFC-914C-802DFB43DA4B}.Release|iPhoneSimulator.Build.0 = Release|Any CPU
		{CC1C0904-394C-4DFC-914C-802DFB43DA4B}.Release|x64.ActiveCfg = Release|Any CPU
		{CC1C0904-394C-4DFC-914C-802DFB43DA4B}.Release|x64.Build.0 = Release|Any CPU
		{CC1C0904-394C-4DFC-914C-802DFB43DA4B}.Release|x86.ActiveCfg = Release|Any CPU
		{CC1C0904-394C-4DFC-914C-802DFB43DA4B}.Release|x86.Build.0 = Release|Any CPU
		{03588C54-7355-437B-A0C3-AAD7566A9C76}.Debug|Any CPU.ActiveCfg = Debug|Any CPU
		{03588C54-7355-437B-A0C3-AAD7566A9C76}.Debug|Any CPU.Build.0 = Debug|Any CPU
		{03588C54-7355-437B-A0C3-AAD7566A9C76}.Debug|ARM.ActiveCfg = Debug|Any CPU
		{03588C54-7355-437B-A0C3-AAD7566A9C76}.Debug|ARM.Build.0 = Debug|Any CPU
		{03588C54-7355-437B-A0C3-AAD7566A9C76}.Debug|iPhone.ActiveCfg = Debug|Any CPU
		{03588C54-7355-437B-A0C3-AAD7566A9C76}.Debug|iPhone.Build.0 = Debug|Any CPU
		{03588C54-7355-437B-A0C3-AAD7566A9C76}.Debug|iPhoneSimulator.ActiveCfg = Debug|Any CPU
		{03588C54-7355-437B-A0C3-AAD7566A9C76}.Debug|iPhoneSimulator.Build.0 = Debug|Any CPU
		{03588C54-7355-437B-A0C3-AAD7566A9C76}.Debug|x64.ActiveCfg = Debug|Any CPU
		{03588C54-7355-437B-A0C3-AAD7566A9C76}.Debug|x64.Build.0 = Debug|Any CPU
		{03588C54-7355-437B-A0C3-AAD7566A9C76}.Debug|x86.ActiveCfg = Debug|Any CPU
		{03588C54-7355-437B-A0C3-AAD7566A9C76}.Debug|x86.Build.0 = Debug|Any CPU
		{03588C54-7355-437B-A0C3-AAD7566A9C76}.Release|Any CPU.ActiveCfg = Release|Any CPU
		{03588C54-7355-437B-A0C3-AAD7566A9C76}.Release|Any CPU.Build.0 = Release|Any CPU
		{03588C54-7355-437B-A0C3-AAD7566A9C76}.Release|ARM.ActiveCfg = Release|Any CPU
		{03588C54-7355-437B-A0C3-AAD7566A9C76}.Release|ARM.Build.0 = Release|Any CPU
		{03588C54-7355-437B-A0C3-AAD7566A9C76}.Release|iPhone.ActiveCfg = Release|Any CPU
		{03588C54-7355-437B-A0C3-AAD7566A9C76}.Release|iPhone.Build.0 = Release|Any CPU
		{03588C54-7355-437B-A0C3-AAD7566A9C76}.Release|iPhoneSimulator.ActiveCfg = Release|Any CPU
		{03588C54-7355-437B-A0C3-AAD7566A9C76}.Release|iPhoneSimulator.Build.0 = Release|Any CPU
		{03588C54-7355-437B-A0C3-AAD7566A9C76}.Release|x64.ActiveCfg = Release|Any CPU
		{03588C54-7355-437B-A0C3-AAD7566A9C76}.Release|x64.Build.0 = Release|Any CPU
		{03588C54-7355-437B-A0C3-AAD7566A9C76}.Release|x86.ActiveCfg = Release|Any CPU
		{03588C54-7355-437B-A0C3-AAD7566A9C76}.Release|x86.Build.0 = Release|Any CPU
		{63E60C7D-7AC3-4E50-B877-49F5ABA98D11}.Debug|Any CPU.ActiveCfg = Debug|x64
		{63E60C7D-7AC3-4E50-B877-49F5ABA98D11}.Debug|Any CPU.Build.0 = Debug|x64
		{63E60C7D-7AC3-4E50-B877-49F5ABA98D11}.Debug|Any CPU.Deploy.0 = Debug|x64
		{63E60C7D-7AC3-4E50-B877-49F5ABA98D11}.Debug|ARM.ActiveCfg = Debug|ARM
		{63E60C7D-7AC3-4E50-B877-49F5ABA98D11}.Debug|ARM.Build.0 = Debug|ARM
		{63E60C7D-7AC3-4E50-B877-49F5ABA98D11}.Debug|ARM.Deploy.0 = Debug|ARM
		{63E60C7D-7AC3-4E50-B877-49F5ABA98D11}.Debug|iPhone.ActiveCfg = Debug|x86
		{63E60C7D-7AC3-4E50-B877-49F5ABA98D11}.Debug|iPhoneSimulator.ActiveCfg = Debug|x86
		{63E60C7D-7AC3-4E50-B877-49F5ABA98D11}.Debug|x64.ActiveCfg = Debug|x64
		{63E60C7D-7AC3-4E50-B877-49F5ABA98D11}.Debug|x64.Build.0 = Debug|x64
		{63E60C7D-7AC3-4E50-B877-49F5ABA98D11}.Debug|x64.Deploy.0 = Debug|x64
		{63E60C7D-7AC3-4E50-B877-49F5ABA98D11}.Debug|x86.ActiveCfg = Debug|x86
		{63E60C7D-7AC3-4E50-B877-49F5ABA98D11}.Debug|x86.Build.0 = Debug|x86
		{63E60C7D-7AC3-4E50-B877-49F5ABA98D11}.Debug|x86.Deploy.0 = Debug|x86
		{63E60C7D-7AC3-4E50-B877-49F5ABA98D11}.Release|Any CPU.ActiveCfg = Release|x86
		{63E60C7D-7AC3-4E50-B877-49F5ABA98D11}.Release|ARM.ActiveCfg = Release|ARM
		{63E60C7D-7AC3-4E50-B877-49F5ABA98D11}.Release|ARM.Build.0 = Release|ARM
		{63E60C7D-7AC3-4E50-B877-49F5ABA98D11}.Release|ARM.Deploy.0 = Release|ARM
		{63E60C7D-7AC3-4E50-B877-49F5ABA98D11}.Release|iPhone.ActiveCfg = Release|x86
		{63E60C7D-7AC3-4E50-B877-49F5ABA98D11}.Release|iPhoneSimulator.ActiveCfg = Release|x86
		{63E60C7D-7AC3-4E50-B877-49F5ABA98D11}.Release|x64.ActiveCfg = Release|x64
		{63E60C7D-7AC3-4E50-B877-49F5ABA98D11}.Release|x64.Build.0 = Release|x64
		{63E60C7D-7AC3-4E50-B877-49F5ABA98D11}.Release|x64.Deploy.0 = Release|x64
		{63E60C7D-7AC3-4E50-B877-49F5ABA98D11}.Release|x86.ActiveCfg = Release|x86
		{63E60C7D-7AC3-4E50-B877-49F5ABA98D11}.Release|x86.Build.0 = Release|x86
		{63E60C7D-7AC3-4E50-B877-49F5ABA98D11}.Release|x86.Deploy.0 = Release|x86
		{07E46E90-D043-490A-97EF-3941C0272834}.Debug|Any CPU.ActiveCfg = Debug|Any CPU
		{07E46E90-D043-490A-97EF-3941C0272834}.Debug|Any CPU.Build.0 = Debug|Any CPU
		{07E46E90-D043-490A-97EF-3941C0272834}.Debug|Any CPU.Deploy.0 = Debug|Any CPU
		{07E46E90-D043-490A-97EF-3941C0272834}.Debug|ARM.ActiveCfg = Debug|Any CPU
		{07E46E90-D043-490A-97EF-3941C0272834}.Debug|ARM.Build.0 = Debug|Any CPU
		{07E46E90-D043-490A-97EF-3941C0272834}.Debug|ARM.Deploy.0 = Debug|Any CPU
		{07E46E90-D043-490A-97EF-3941C0272834}.Debug|iPhone.ActiveCfg = Debug|Any CPU
		{07E46E90-D043-490A-97EF-3941C0272834}.Debug|iPhone.Build.0 = Debug|Any CPU
		{07E46E90-D043-490A-97EF-3941C0272834}.Debug|iPhone.Deploy.0 = Debug|Any CPU
		{07E46E90-D043-490A-97EF-3941C0272834}.Debug|iPhoneSimulator.ActiveCfg = Debug|Any CPU
		{07E46E90-D043-490A-97EF-3941C0272834}.Debug|iPhoneSimulator.Build.0 = Debug|Any CPU
		{07E46E90-D043-490A-97EF-3941C0272834}.Debug|iPhoneSimulator.Deploy.0 = Debug|Any CPU
		{07E46E90-D043-490A-97EF-3941C0272834}.Debug|x64.ActiveCfg = Debug|Any CPU
		{07E46E90-D043-490A-97EF-3941C0272834}.Debug|x64.Build.0 = Debug|Any CPU
		{07E46E90-D043-490A-97EF-3941C0272834}.Debug|x64.Deploy.0 = Debug|Any CPU
		{07E46E90-D043-490A-97EF-3941C0272834}.Debug|x86.ActiveCfg = Debug|Any CPU
		{07E46E90-D043-490A-97EF-3941C0272834}.Debug|x86.Build.0 = Debug|Any CPU
		{07E46E90-D043-490A-97EF-3941C0272834}.Debug|x86.Deploy.0 = Debug|Any CPU
		{07E46E90-D043-490A-97EF-3941C0272834}.Release|Any CPU.ActiveCfg = Release|Any CPU
		{07E46E90-D043-490A-97EF-3941C0272834}.Release|Any CPU.Build.0 = Release|Any CPU
		{07E46E90-D043-490A-97EF-3941C0272834}.Release|Any CPU.Deploy.0 = Release|Any CPU
		{07E46E90-D043-490A-97EF-3941C0272834}.Release|ARM.ActiveCfg = Release|Any CPU
		{07E46E90-D043-490A-97EF-3941C0272834}.Release|ARM.Build.0 = Release|Any CPU
		{07E46E90-D043-490A-97EF-3941C0272834}.Release|ARM.Deploy.0 = Release|Any CPU
		{07E46E90-D043-490A-97EF-3941C0272834}.Release|iPhone.ActiveCfg = Release|Any CPU
		{07E46E90-D043-490A-97EF-3941C0272834}.Release|iPhone.Build.0 = Release|Any CPU
		{07E46E90-D043-490A-97EF-3941C0272834}.Release|iPhone.Deploy.0 = Release|Any CPU
		{07E46E90-D043-490A-97EF-3941C0272834}.Release|iPhoneSimulator.ActiveCfg = Release|Any CPU
		{07E46E90-D043-490A-97EF-3941C0272834}.Release|iPhoneSimulator.Build.0 = Release|Any CPU
		{07E46E90-D043-490A-97EF-3941C0272834}.Release|iPhoneSimulator.Deploy.0 = Release|Any CPU
		{07E46E90-D043-490A-97EF-3941C0272834}.Release|x64.ActiveCfg = Release|Any CPU
		{07E46E90-D043-490A-97EF-3941C0272834}.Release|x64.Build.0 = Release|Any CPU
		{07E46E90-D043-490A-97EF-3941C0272834}.Release|x64.Deploy.0 = Release|Any CPU
		{07E46E90-D043-490A-97EF-3941C0272834}.Release|x86.ActiveCfg = Release|Any CPU
		{07E46E90-D043-490A-97EF-3941C0272834}.Release|x86.Build.0 = Release|Any CPU
		{07E46E90-D043-490A-97EF-3941C0272834}.Release|x86.Deploy.0 = Release|Any CPU
		{219771B7-C993-435C-8B40-84DA1A07C58E}.Debug|Any CPU.ActiveCfg = Debug|iPhoneSimulator
		{219771B7-C993-435C-8B40-84DA1A07C58E}.Debug|ARM.ActiveCfg = Debug|iPhoneSimulator
		{219771B7-C993-435C-8B40-84DA1A07C58E}.Debug|iPhone.ActiveCfg = Debug|iPhone
		{219771B7-C993-435C-8B40-84DA1A07C58E}.Debug|iPhone.Build.0 = Debug|iPhone
		{219771B7-C993-435C-8B40-84DA1A07C58E}.Debug|iPhoneSimulator.ActiveCfg = Debug|iPhoneSimulator
		{219771B7-C993-435C-8B40-84DA1A07C58E}.Debug|iPhoneSimulator.Build.0 = Debug|iPhoneSimulator
		{219771B7-C993-435C-8B40-84DA1A07C58E}.Debug|x64.ActiveCfg = Debug|iPhoneSimulator
		{219771B7-C993-435C-8B40-84DA1A07C58E}.Debug|x86.ActiveCfg = Debug|iPhoneSimulator
		{219771B7-C993-435C-8B40-84DA1A07C58E}.Release|Any CPU.ActiveCfg = Release|iPhoneSimulator
		{219771B7-C993-435C-8B40-84DA1A07C58E}.Release|ARM.ActiveCfg = Release|iPhoneSimulator
		{219771B7-C993-435C-8B40-84DA1A07C58E}.Release|iPhone.ActiveCfg = Release|iPhone
		{219771B7-C993-435C-8B40-84DA1A07C58E}.Release|iPhone.Build.0 = Release|iPhone
		{219771B7-C993-435C-8B40-84DA1A07C58E}.Release|iPhoneSimulator.ActiveCfg = Release|iPhoneSimulator
		{219771B7-C993-435C-8B40-84DA1A07C58E}.Release|iPhoneSimulator.Build.0 = Release|iPhoneSimulator
		{219771B7-C993-435C-8B40-84DA1A07C58E}.Release|x64.ActiveCfg = Release|iPhoneSimulator
		{219771B7-C993-435C-8B40-84DA1A07C58E}.Release|x86.ActiveCfg = Release|iPhoneSimulator
		{0AB425B0-2671-48E4-9C2E-614FDBBEBCD3}.Debug|Any CPU.ActiveCfg = Debug|Any CPU
		{0AB425B0-2671-48E4-9C2E-614FDBBEBCD3}.Debug|Any CPU.Build.0 = Debug|Any CPU
		{0AB425B0-2671-48E4-9C2E-614FDBBEBCD3}.Debug|ARM.ActiveCfg = Debug|Any CPU
		{0AB425B0-2671-48E4-9C2E-614FDBBEBCD3}.Debug|ARM.Build.0 = Debug|Any CPU
		{0AB425B0-2671-48E4-9C2E-614FDBBEBCD3}.Debug|iPhone.ActiveCfg = Debug|Any CPU
		{0AB425B0-2671-48E4-9C2E-614FDBBEBCD3}.Debug|iPhone.Build.0 = Debug|Any CPU
		{0AB425B0-2671-48E4-9C2E-614FDBBEBCD3}.Debug|iPhoneSimulator.ActiveCfg = Debug|Any CPU
		{0AB425B0-2671-48E4-9C2E-614FDBBEBCD3}.Debug|iPhoneSimulator.Build.0 = Debug|Any CPU
		{0AB425B0-2671-48E4-9C2E-614FDBBEBCD3}.Debug|x64.ActiveCfg = Debug|Any CPU
		{0AB425B0-2671-48E4-9C2E-614FDBBEBCD3}.Debug|x64.Build.0 = Debug|Any CPU
		{0AB425B0-2671-48E4-9C2E-614FDBBEBCD3}.Debug|x86.ActiveCfg = Debug|Any CPU
		{0AB425B0-2671-48E4-9C2E-614FDBBEBCD3}.Debug|x86.Build.0 = Debug|Any CPU
		{0AB425B0-2671-48E4-9C2E-614FDBBEBCD3}.Release|Any CPU.ActiveCfg = Release|Any CPU
		{0AB425B0-2671-48E4-9C2E-614FDBBEBCD3}.Release|Any CPU.Build.0 = Release|Any CPU
		{0AB425B0-2671-48E4-9C2E-614FDBBEBCD3}.Release|ARM.ActiveCfg = Release|Any CPU
		{0AB425B0-2671-48E4-9C2E-614FDBBEBCD3}.Release|ARM.Build.0 = Release|Any CPU
		{0AB425B0-2671-48E4-9C2E-614FDBBEBCD3}.Release|iPhone.ActiveCfg = Release|Any CPU
		{0AB425B0-2671-48E4-9C2E-614FDBBEBCD3}.Release|iPhone.Build.0 = Release|Any CPU
		{0AB425B0-2671-48E4-9C2E-614FDBBEBCD3}.Release|iPhoneSimulator.ActiveCfg = Release|Any CPU
		{0AB425B0-2671-48E4-9C2E-614FDBBEBCD3}.Release|iPhoneSimulator.Build.0 = Release|Any CPU
		{0AB425B0-2671-48E4-9C2E-614FDBBEBCD3}.Release|x64.ActiveCfg = Release|Any CPU
		{0AB425B0-2671-48E4-9C2E-614FDBBEBCD3}.Release|x64.Build.0 = Release|Any CPU
		{0AB425B0-2671-48E4-9C2E-614FDBBEBCD3}.Release|x86.ActiveCfg = Release|Any CPU
		{0AB425B0-2671-48E4-9C2E-614FDBBEBCD3}.Release|x86.Build.0 = Release|Any CPU
	EndGlobalSection
	GlobalSection(SolutionProperties) = preSolution
		HideSolutionNode = FALSE
	EndGlobalSection
	GlobalSection(NestedProjects) = preSolution
		{63E60C7D-7AC3-4E50-B877-49F5ABA98D11} = {C3F904EF-120C-4F07-ADC4-4E62B9C6B1E7}
		{07E46E90-D043-490A-97EF-3941C0272834} = {C3F904EF-120C-4F07-ADC4-4E62B9C6B1E7}
		{219771B7-C993-435C-8B40-84DA1A07C58E} = {C3F904EF-120C-4F07-ADC4-4E62B9C6B1E7}
		{0AB425B0-2671-48E4-9C2E-614FDBBEBCD3} = {C3F904EF-120C-4F07-ADC4-4E62B9C6B1E7}
	EndGlobalSection
	GlobalSection(ExtensibilityGlobals) = postSolution
		SolutionGuid = {BCD714C3-5BEA-4036-AC8C-D3BAFB19E62C}
	EndGlobalSection
EndGlobal
